{
  "name": "DISPLAY MASJID",
  "lockfileVersion": 3,
  "requires": true,
  "packages": {
    "": {
      "dependencies": {
        "hijri-js": "^1.0.25"
      }
    },
    "node_modules/hijri-js": {
      "version": "1.0.25",
      "resolved": "https://registry.npmjs.org/hijri-js/-/hijri-js-1.0.25.tgz",
      "integrity": "sha512-XdN9wtuACeKRiUQeDDaGfIxMtFnA9rPD8K/3vAdnN7Rsupek7ao8Nzgaz5CyRTM9dMdOOnTiMTv9IkwmIbBR4Q=="
    }
  }
}
